{
  "version": 4,
  "terraform_version": "1.12.2",
  "serial": 14,
  "lineage": "7d7682e9-5afa-448e-0b51-bd06110a23d1",
  "outputs": {},
  "resources": [
    {
      "mode": "managed",
      "type": "local_file",
      "name": "kind_config_generator",
      "provider": "provider[\"registry.terraform.io/hashicorp/local\"]",
      "instances": [
        {
          "schema_version": 0,
          "attributes": {
            "content": "kind: Cluster\napiVersion: kind.x-k8s.io/v1alpha4\nname : dev-cluster\nnodes:\n- role: control-plane\n- role: worker",
            "content_base64": null,
            "directory_permission": "0777",
            "file_permission": "0777",
            "filename": "./terraform-generated-dev-cluster-config.yaml",
            "id": "66fb5dc4db68f04d57f7a8cbe9e7d9ac53061ce6",
            "sensitive_content": null,
            "source": null
          },
          "sensitive_attributes": [
            [
              {
                "type": "get_attr",
                "value": "sensitive_content"
              }
            ]
          ],
          "identity_schema_version": 0,
          "private": "bnVsbA=="
        }
      ]
    },
    {
      "mode": "managed",
      "type": "null_resource",
      "name": "kind_cluster_dev",
      "provider": "provider[\"registry.terraform.io/hashicorp/null\"]",
      "instances": [
        {
          "schema_version": 0,
          "attributes": {
            "id": "581685793485486255",
            "triggers": {
              "cluster_name": "dev-cluster"
            }
          },
          "sensitive_attributes": [],
          "identity_schema_version": 0,
          "dependencies": [
            "local_file.kind_config_generator"
          ]
        }
      ]
    }
  ],
  "check_results": null
}
