{
  "version": 4,
  "terraform_version": "1.12.2",
  "serial": 59,
  "lineage": "7d7682e9-5afa-448e-0b51-bd06110a23d1",
  "outputs": {
    "kind_config_file": {
      "value": "./terraform-generated-dev-cluster-config.yaml",
      "type": "string"
    },
    "kubectl_context": {
      "value": "kind-dev-cluster",
      "type": "string"
    }
  },
  "resources": [
    {
      "mode": "managed",
      "type": "local_file",
      "name": "kind_config_generator",
      "provider": "provider[\"registry.terraform.io/hashicorp/local\"]",
      "instances": [
        {
          "schema_version": 0,
          "attributes": {
            "content": "# # Kind cluster configuration for a local Kubernetes cluster\nkind: Cluster\napiVersion: kind.x-k8s.io/v1alpha4\nname : dev-cluster\nnodes:\n- role: control-plane\n- role: worker\n",
            "content_base64": null,
            "directory_permission": "0777",
            "file_permission": "0777",
            "filename": "./terraform-generated-dev-cluster-config.yaml",
            "id": "0d81ea18408f48facea2a690aff5c414b540e337",
            "sensitive_content": null,
            "source": null
          },
          "sensitive_attributes": [
            [
              {
                "type": "get_attr",
                "value": "sensitive_content"
              }
            ]
          ],
          "identity_schema_version": 0,
          "private": "bnVsbA=="
        }
      ]
    },
    {
      "mode": "managed",
      "type": "null_resource",
      "name": "kind_cluster_dev",
      "provider": "provider[\"registry.terraform.io/hashicorp/null\"]",
      "instances": [
        {
          "schema_version": 0,
          "attributes": {
            "id": "559935569229402682",
            "triggers": {
              "cluster_name": "dev-cluster"
            }
          },
          "sensitive_attributes": [],
          "identity_schema_version": 0,
          "dependencies": [
            "local_file.kind_config_generator",
            "null_resource.prerequisites_check"
          ]
        }
      ]
    },
    {
      "mode": "managed",
      "type": "null_resource",
      "name": "prerequisites_check",
      "provider": "provider[\"registry.terraform.io/hashicorp/null\"]",
      "instances": [
        {
          "schema_version": 0,
          "attributes": {
            "id": "7653849081669662154",
            "triggers": null
          },
          "sensitive_attributes": [],
          "identity_schema_version": 0
        }
      ]
    }
  ],
  "check_results": [
    {
      "object_kind": "var",
      "config_addr": "var.worker_node_count",
      "status": "pass",
      "objects": [
        {
          "object_addr": "var.worker_node_count",
          "status": "pass"
        }
      ]
    }
  ]
}
