{
  "version": 4,
  "terraform_version": "1.12.2",
  "serial": 10,
  "lineage": "c1382244-7617-f512-c079-10eee5640c7a",
  "outputs": {},
  "resources": [
    {
      "mode": "managed",
      "type": "local_file",
      "name": "kind_config_generator",
      "provider": "provider[\"registry.terraform.io/hashicorp/local\"]",
      "instances": [
        {
          "schema_version": 0,
          "attributes": {
            "content": "kind: Cluster\napiVersion: kind.x-k8s.io/v1alpha4\nname: prod-cluster\nnodes:\n- role: control-plane\n- role: worker",
            "content_base64": null,
            "directory_permission": "0777",
            "file_permission": "0777",
            "filename": "./terraform-generated-prod-cluster-config.yaml",
            "id": "e00c07e4ee2e9067b81a154f24fa31e3b8f36053",
            "sensitive_content": null,
            "source": null
          },
          "sensitive_attributes": [
            [
              {
                "type": "get_attr",
                "value": "sensitive_content"
              }
            ]
          ],
          "identity_schema_version": 0,
          "private": "bnVsbA=="
        }
      ]
    },
    {
      "mode": "managed",
      "type": "null_resource",
      "name": "kind_cluster_prod",
      "provider": "provider[\"registry.terraform.io/hashicorp/null\"]",
      "instances": [
        {
          "status": "tainted",
          "schema_version": 0,
          "attributes": {
            "id": "7534686778276559570",
            "triggers": {
              "cluster_name": "prod-cluster"
            }
          },
          "sensitive_attributes": [],
          "identity_schema_version": 0,
          "dependencies": [
            "local_file.kind_config_generator"
          ]
        }
      ]
    }
  ],
  "check_results": null
}
