{
  "version": 4,
  "terraform_version": "1.12.2",
  "serial": 19,
  "lineage": "010a86c3-a48d-6f41-b6ce-e0c65ec7ed16",
  "outputs": {},
  "resources": [
    {
      "mode": "managed",
      "type": "local_file",
      "name": "kind_config_generator",
      "provider": "provider[\"registry.terraform.io/hashicorp/local\"]",
      "instances": [
        {
          "schema_version": 0,
          "attributes": {
            "content": "kind: Cluster\napiVersion: kind.x-k8s.io/v1alpha4\nname: pre-prod-cluster\nnodes:\n- role: control-plane",
            "content_base64": null,
            "directory_permission": "0777",
            "file_permission": "0777",
            "filename": "./terraform-generated-pre-prod-cluster-config.yaml",
            "id": "209bbbfffedcb858bc678bb0750d2328e1d77244",
            "sensitive_content": null,
            "source": null
          },
          "sensitive_attributes": [
            [
              {
                "type": "get_attr",
                "value": "sensitive_content"
              }
            ]
          ],
          "identity_schema_version": 0,
          "private": "bnVsbA=="
        }
      ]
    },
    {
      "mode": "managed",
      "type": "null_resource",
      "name": "kind_cluster_pre_prod",
      "provider": "provider[\"registry.terraform.io/hashicorp/null\"]",
      "instances": [
        {
          "schema_version": 0,
          "attributes": {
            "id": "8551550847464388256",
            "triggers": {
              "cluster_name": "pre-prod-cluster"
            }
          },
          "sensitive_attributes": [],
          "identity_schema_version": 0,
          "dependencies": [
            "local_file.kind_config_generator"
          ]
        }
      ]
    }
  ],
  "check_results": null
}
